
Microsoft Visual Studio Solution File, Format Version 12.00
# Visual Studio 15
VisualStudioVersion = 15.0.28010.2026
MinimumVisualStudioVersion = 10.0.40219.1
Project("{9A19103F-16F7-4668-BE54-9A1E7A4F7556}") = "Wolfspelz.OrleansSample.Client", "src\Wolfspelz.OrleansSample.Client\Wolfspelz.OrleansSample.Client.csproj", "{EE9A6537-92F4-4BAB-86E3-E32A4D6B7D2C}"
EndProject
Project("{9A19103F-16F7-4668-BE54-9A1E7A4F7556}") = "Wolfspelz.OrleansSample.GrainInterfaces", "src\Wolfspelz.OrleansSample.GrainInterfaces\Wolfspelz.OrleansSample.GrainInterfaces.csproj", "{566DC69A-E7F5-4AD7-96FA-E0536BDA5AED}"
EndProject
Project("{9A19103F-16F7-4668-BE54-9A1E7A4F7556}") = "Wolfspelz.OrleansSample.Grains", "src\Wolfspelz.OrleansSample.Grains\Wolfspelz.OrleansSample.Grains.csproj", "{1DB46BF4-4461-454B-9707-20A5694D3819}"
EndProject
Global
	GlobalSection(SolutionConfigurationPlatforms) = preSolution
		Debug|Any CPU = Debug|Any CPU
		Release|Any CPU = Release|Any CPU
	EndGlobalSection
	GlobalSection(ProjectConfigurationPlatforms) = postSolution
		{EE9A6537-92F4-4BAB-86E3-E32A4D6B7D2C}.Debug|Any CPU.ActiveCfg = Debug|Any CPU
		{EE9A6537-92F4-4BAB-86E3-E32A4D6B7D2C}.Debug|Any CPU.Build.0 = Debug|Any CPU
		{EE9A6537-92F4-4BAB-86E3-E32A4D6B7D2C}.Release|Any CPU.ActiveCfg = Release|Any CPU
		{EE9A6537-92F4-4BAB-86E3-E32A4D6B7D2C}.Release|Any CPU.Build.0 = Release|Any CPU
		{566DC69A-E7F5-4AD7-96FA-E0536BDA5AED}.Debug|Any CPU.ActiveCfg = Debug|Any CPU
		{566DC69A-E7F5-4AD7-96FA-E0536BDA5AED}.Debug|Any CPU.Build.0 = Debug|Any CPU
		{566DC69A-E7F5-4AD7-96FA-E0536BDA5AED}.Release|Any CPU.ActiveCfg = Release|Any CPU
		{566DC69A-E7F5-4AD7-96FA-E0536BDA5AED}.Release|Any CPU.Build.0 = Release|Any CPU
		{1DB46BF4-4461-454B-9707-20A5694D3819}.Debug|Any CPU.ActiveCfg = Debug|Any CPU
		{1DB46BF4-4461-454B-9707-20A5694D3819}.Debug|Any CPU.Build.0 = Debug|Any CPU
		{1DB46BF4-4461-454B-9707-20A5694D3819}.Release|Any CPU.ActiveCfg = Release|Any CPU
		{1DB46BF4-4461-454B-9707-20A5694D3819}.Release|Any CPU.Build.0 = Release|Any CPU
	EndGlobalSection
	GlobalSection(SolutionProperties) = preSolution
		HideSolutionNode = FALSE
	EndGlobalSection
	GlobalSection(ExtensibilityGlobals) = postSolution
		SolutionGuid = {4C58E6A4-A93F-488F-BA4E-EF1D570CEF2B}
	EndGlobalSection
EndGlobal
